{
  "name": "{{groupId}}.pbc-{{appName}}-genx",
  "version": "1.1.0",
  "lockfileVersion": 3,
  "requires": true,
  "packages": {
    "": {
      "name": "{{groupId}}.pbc-{{appName}}-genx",
      "version": "1.1.0",
      "dependencies": {
        "@genesislcap/seed-utils": "~14.144.0",
        "tslib": "^2.3.1"
      },
      "engines": {
        "node": ">=20.0.0"
      }
    },
    "node_modules/@genesislcap/seed-utils": {
      "version": "14.144.1",
      "resolved": "https://genesisglobal.jfrog.io/artifactory/api/npm/npm/@genesislcap/seed-utils/-/seed-utils-14.144.1.tgz",
      "integrity": "sha512-XQHU3RQn4KRbK++eMixtl0JabdNyLvt9CwIUEDmrsslDPYckS2IX+OtbyHxYlwHXOvkiWmxxyWfyGgqfNT2ZDA==",
      "engines": {
        "node": ">=20.0.0"
      }
    },
    "node_modules/tslib": {
      "version": "2.6.2",
      "resolved": "https://registry.npmjs.org/tslib/-/tslib-2.6.2.tgz",
      "integrity": "sha512-AEYxH93jGFPn/a2iVAwW87VuUIkR1FVUKB77NwMF7nBTDkDrrT/Hpt/IrCJ0QXhW27jTBDcf5ZY7w6RiqTMw2Q=="
    }
  }
}
